
Microsoft Visual Studio Solution File, Format Version 12.00
# Visual Studio Version 16
VisualStudioVersion = 16.0.31729.503
MinimumVisualStudioVersion = 10.0.40219.1
Project("{E24C65DC-7377-472B-9ABA-BC803B73C61A}") = "Final_dropzoneJs_Aspnet-master", ".", "{EFF1A827-8E07-4549-8A65-2A0EF0195897}"
	ProjectSection(WebsiteProperties) = preProject
		TargetFrameworkMoniker = ".NETFramework,Version%3Dv4.0"
		Debug.AspNetCompiler.VirtualPath = "/localhost_58398"
		Debug.AspNetCompiler.PhysicalPath = "..\Final_dropzoneJs_Aspnet-master\"
		Debug.AspNetCompiler.TargetPath = "PrecompiledWeb\localhost_58398\"
		Debug.AspNetCompiler.Updateable = "true"
		Debug.AspNetCompiler.ForceOverwrite = "true"
		Debug.AspNetCompiler.FixedNames = "false"
		Debug.AspNetCompiler.Debug = "True"
		Release.AspNetCompiler.VirtualPath = "/localhost_58398"
		Release.AspNetCompiler.PhysicalPath = "..\Final_dropzoneJs_Aspnet-master\"
		Release.AspNetCompiler.TargetPath = "PrecompiledWeb\localhost_58398\"
		Release.AspNetCompiler.Updateable = "true"
		Release.AspNetCompiler.ForceOverwrite = "true"
		Release.AspNetCompiler.FixedNames = "false"
		Release.AspNetCompiler.Debug = "False"
		VWDPort = "58398"
		SlnRelativePath = "..\Final_dropzoneJs_Aspnet-master\"
	EndProjectSection
EndProject
Global
	GlobalSection(SolutionConfigurationPlatforms) = preSolution
		Debug|Any CPU = Debug|Any CPU
	EndGlobalSection
	GlobalSection(ProjectConfigurationPlatforms) = postSolution
		{EFF1A827-8E07-4549-8A65-2A0EF0195897}.Debug|Any CPU.ActiveCfg = Debug|Any CPU
		{EFF1A827-8E07-4549-8A65-2A0EF0195897}.Debug|Any CPU.Build.0 = Debug|Any CPU
	EndGlobalSection
	GlobalSection(SolutionProperties) = preSolution
		HideSolutionNode = FALSE
	EndGlobalSection
	GlobalSection(ExtensibilityGlobals) = postSolution
		SolutionGuid = {3FCD40AD-8B98-4E7A-8F66-4BED4B561C98}
	EndGlobalSection
EndGlobal
